# THIS IS AN AUTOGENERATED FILE. DO NOT EDIT THIS FILE DIRECTLY.
# yarn lockfile v1


typed-web-workers@^2.1.1:
  version "2.1.1"
  resolved "https://registry.yarnpkg.com/typed-web-workers/-/typed-web-workers-2.1.1.tgz#1a2e5879647809e5f1c072990ff9b29d6f509845"
  integrity sha512-btq2XsP9MD806A85QSdrFfOjTzu1ck6iGxMQsFSNrujVKTgLwfyHq9d5LE0C+FS1mbiqiaaAkkVDNVRxhaHApg==

typescript@^3.1.6:
  version "3.1.6"
  resolved "https://registry.yarnpkg.com/typescript/-/typescript-3.1.6.tgz#b6543a83cfc8c2befb3f4c8fba6896f5b0c9be68"
  integrity sha512-tDMYfVtvpb96msS1lDX9MEdHrW4yOuZ4Kdc4Him9oU796XldPYF/t2+uKoX0BBa0hXXwDlqYQbXY5Rzjzc5hBA==
